<?xml version="1.0" encoding="utf-8"?>
<Project ToolsVersion="4.0" xmlns="http://schemas.microsoft.com/developer/msbuild/2003">
  <ItemGroup>
    <Filter Include="Archivos de origen">
      <UniqueIdentifier>{4FC737F1-C7A5-4376-A066-2A32D752A2FF}</UniqueIdentifier>
      <Extensions>cpp;c;cc;cxx;c++;cppm;ixx;def;odl;idl;hpj;bat;asm;asmx</Extensions>
    </Filter>
    <Filter Include="Archivos de encabezado">
      <UniqueIdentifier>{93995380-89BD-4b04-88EB-625FBE52EBFB}</UniqueIdentifier>
      <Extensions>h;hh;hpp;hxx;h++;hm;inl;inc;ipp;xsd</Extensions>
    </Filter>
    <Filter Include="Archivos de recursos">
      <UniqueIdentifier>{67DA6AB6-F800-4c08-8B7A-83BB121AAD01}</UniqueIdentifier>
      <Extensions>rc;ico;cur;bmp;dlg;rc2;rct;bin;rgs;gif;jpg;jpeg;jpe;resx;tiff;tif;png;wav;mfcribbon-ms</Extensions>
    </Filter>
    <Filter Include="Archivos de encabezado\Estructura de datos">
      <UniqueIdentifier>{9600feaf-aa36-40ca-b9c9-6ea9990a3e31}</UniqueIdentifier>
    </Filter>
    <Filter Include="Archivos de encabezado\Sistema de acceso">
      <UniqueIdentifier>{836280dd-2c3d-4f0a-afa7-d4a8846d7c66}</UniqueIdentifier>
    </Filter>
    <Filter Include="Archivos de encabezado\Sistema de compras">
      <UniqueIdentifier>{83f4431d-3260-4977-a239-82f2bb27d5ad}</UniqueIdentifier>
    </Filter>
    <Filter Include="Archivos de encabezado\Entidades">
      <UniqueIdentifier>{a16515a2-da52-4c69-80bc-ed3e8f3574d9}</UniqueIdentifier>
    </Filter>
    <Filter Include="Archivos de encabezado\Controladora">
      <UniqueIdentifier>{18d1c3eb-f111-4ef5-84d4-44a884f06242}</UniqueIdentifier>
    </Filter>
    <Filter Include="Archivos de encabezado\Colecciones">
      <UniqueIdentifier>{3d4f4106-3747-4a0f-a175-cc82bfe7b1cd}</UniqueIdentifier>
    </Filter>
  </ItemGroup>
  <ItemGroup>
    <ClInclude Include="DoublyLinkedList.h">
      <Filter>Archivos de encabezado\Estructura de datos</Filter>
    </ClInclude>
    <ClInclude Include="MyVector.h">
      <Filter>Archivos de encabezado\Estructura de datos</Filter>
    </ClInclude>
    <ClInclude Include="CustomerDatabase.h">
      <Filter>Archivos de encabezado\Colecciones</Filter>
    </ClInclude>
    <ClInclude Include="ProductDatabase.h">
      <Filter>Archivos de encabezado\Colecciones</Filter>
    </ClInclude>
    <ClInclude Include="Login.h">
      <Filter>Archivos de encabezado\Sistema de acceso</Filter>
    </ClInclude>
    <ClInclude Include="ShoppingCart.h">
      <Filter>Archivos de encabezado\Sistema de compras</Filter>
    </ClInclude>
    <ClInclude Include="OrderInformation.h">
      <Filter>Archivos de encabezado\Sistema de compras</Filter>
    </ClInclude>
    <ClInclude Include="BST.h">
      <Filter>Archivos de encabezado\Estructura de datos</Filter>
    </ClInclude>
    <ClInclude Include="AVL.h">
      <Filter>Archivos de encabezado\Estructura de datos</Filter>
    </ClInclude>
    <ClInclude Include="AdminDatabase.h">
      <Filter>Archivos de encabezado\Colecciones</Filter>
    </ClInclude>
    <ClInclude Include="Client.h">
      <Filter>Archivos de encabezado\Entidades</Filter>
    </ClInclude>
    <ClInclude Include="Admin.h">
      <Filter>Archivos de encabezado\Entidades</Filter>
    </ClInclude>
    <ClInclude Include="Product.h">
      <Filter>Archivos de encabezado\Entidades</Filter>
    </ClInclude>
    <ClInclude Include="Controller.h">
      <Filter>Archivos de encabezado\Controladora</Filter>
    </ClInclude>
    <ClInclude Include="HashTable.h">
      <Filter>Archivos de encabezado\Estructura de datos</Filter>
    </ClInclude>
    <ClInclude Include="DeliveryDatabase.h">
      <Filter>Archivos de encabezado\Colecciones</Filter>
    </ClInclude>
    <ClInclude Include="Delivery.h">
      <Filter>Archivos de encabezado\Entidades</Filter>
    </ClInclude>
    <ClInclude Include="Branch.h">
      <Filter>Archivos de encabezado\Entidades</Filter>
    </ClInclude>
    <ClInclude Include="BranchDatabase.h">
      <Filter>Archivos de encabezado\Colecciones</Filter>
    </ClInclude>
    <ClInclude Include="View.h">
      <Filter>Archivos de encabezado</Filter>
    </ClInclude>
  </ItemGroup>
  <ItemGroup>
    <ClCompile Include="Main.cpp">
      <Filter>Archivos de origen</Filter>
    </ClCompile>
  </ItemGroup>
  <ItemGroup>
    <None Include="adminDataset.csv" />
    <None Include="delivery_dataset.csv" />
    <None Include="branch_dataset.csv" />
  </ItemGroup>
</Project>